
Microsoft Visual Studio Solution File, Format Version 12.00
# Visual Studio Version 17
VisualStudioVersion = 17.11.35222.181
MinimumVisualStudioVersion = 10.0.40219.1
Project("{FAE04EC0-301F-11D3-BF4B-00C04F79EFBC}") = "5M05konSortBabelkowe", "5M05konSortBabelkowe\5M05konSortBabelkowe.csproj", "{141BD194-53AF-41CF-B487-286E768B7DBB}"
EndProject
Global
	GlobalSection(SolutionConfigurationPlatforms) = preSolution
		Debug|Any CPU = Debug|Any CPU
		Release|Any CPU = Release|Any CPU
	EndGlobalSection
	GlobalSection(ProjectConfigurationPlatforms) = postSolution
		{141BD194-53AF-41CF-B487-286E768B7DBB}.Debug|Any CPU.ActiveCfg = Debug|Any CPU
		{141BD194-53AF-41CF-B487-286E768B7DBB}.Debug|Any CPU.Build.0 = Debug|Any CPU
		{141BD194-53AF-41CF-B487-286E768B7DBB}.Release|Any CPU.ActiveCfg = Release|Any CPU
		{141BD194-53AF-41CF-B487-286E768B7DBB}.Release|Any CPU.Build.0 = Release|Any CPU
	EndGlobalSection
	GlobalSection(SolutionProperties) = preSolution
		HideSolutionNode = FALSE
	EndGlobalSection
	GlobalSection(ExtensibilityGlobals) = postSolution
		SolutionGuid = {03A7BADD-F377-46B9-A48F-DF73F6EF4D98}
	EndGlobalSection
EndGlobal
